
Microsoft Visual Studio Solution File, Format Version 12.00
# Visual Studio Version 17
VisualStudioVersion = 17.11.35327.3
MinimumVisualStudioVersion = 10.0.40219.1
Project("{FAE04EC0-301F-11D3-BF4B-00C04F79EFBC}") = "WebApp", "WebApp\WebApp.csproj", "{3510983D-51D5-497C-BA57-75277DC0CCE6}"
EndProject
Global
	GlobalSection(SolutionConfigurationPlatforms) = preSolution
		Debug|Any CPU = Debug|Any CPU
		Release|Any CPU = Release|Any CPU
	EndGlobalSection
	GlobalSection(ProjectConfigurationPlatforms) = postSolution
		{3510983D-51D5-497C-BA57-75277DC0CCE6}.Debug|Any CPU.ActiveCfg = Debug|Any CPU
		{3510983D-51D5-497C-BA57-75277DC0CCE6}.Debug|Any CPU.Build.0 = Debug|Any CPU
		{3510983D-51D5-497C-BA57-75277DC0CCE6}.Release|Any CPU.ActiveCfg = Release|Any CPU
		{3510983D-51D5-497C-BA57-75277DC0CCE6}.Release|Any CPU.Build.0 = Release|Any CPU
	EndGlobalSection
	GlobalSection(SolutionProperties) = preSolution
		HideSolutionNode = FALSE
	EndGlobalSection
	GlobalSection(ExtensibilityGlobals) = postSolution
		SolutionGuid = {970777D8-74B0-473F-A1F7-FC7149F0E8B1}
	EndGlobalSection
EndGlobal
